
Microsoft Visual Studio Solution File, Format Version 12.00
# Visual Studio Version 17
VisualStudioVersion = 17.6.33829.357
MinimumVisualStudioVersion = 10.0.40219.1
Project("{888888A0-9F3D-457C-B088-3A5042F75D52}") = "Dictionary_ToolBox", "Dictionary_ToolBox.pyproj", "{18C0E995-7B8D-4B46-A272-E65E9087F39A}"
EndProject
Global
	GlobalSection(SolutionConfigurationPlatforms) = preSolution
		Debug|Any CPU = Debug|Any CPU
		Release|Any CPU = Release|Any CPU
	EndGlobalSection
	GlobalSection(ProjectConfigurationPlatforms) = postSolution
		{18C0E995-7B8D-4B46-A272-E65E9087F39A}.Debug|Any CPU.ActiveCfg = Debug|Any CPU
		{18C0E995-7B8D-4B46-A272-E65E9087F39A}.Release|Any CPU.ActiveCfg = Release|Any CPU
	EndGlobalSection
	GlobalSection(SolutionProperties) = preSolution
		HideSolutionNode = FALSE
	EndGlobalSection
	GlobalSection(ExtensibilityGlobals) = postSolution
		SolutionGuid = {242D9957-C163-480F-8A6D-3B649ACB636A}
	EndGlobalSection
EndGlobal
